
Microsoft Visual Studio Solution File, Format Version 12.00
# Visual Studio Version 17
VisualStudioVersion = 17.14.36623.8
MinimumVisualStudioVersion = 10.0.40219.1
Project("{FAE04EC0-301F-11D3-BF4B-00C04F79EFBC}") = "es1", "es1\es1.csproj", "{CD45FB71-8CEA-44EA-BCC8-58B7CDEE8E7B}"
EndProject
Project("{FAE04EC0-301F-11D3-BF4B-00C04F79EFBC}") = "es2", "es2\es2.csproj", "{F4B1A90F-0368-4230-9EA3-47E4C9DE9DE8}"
EndProject
Project("{FAE04EC0-301F-11D3-BF4B-00C04F79EFBC}") = "es3", "es3\es3.csproj", "{EE307611-FBEF-4887-888E-FA7FD362255D}"
EndProject
Project("{FAE04EC0-301F-11D3-BF4B-00C04F79EFBC}") = "es4", "es4\es4.csproj", "{F880F9DC-9D2F-4D78-954F-E355AA1D1A6A}"
EndProject
Project("{FAE04EC0-301F-11D3-BF4B-00C04F79EFBC}") = "es5", "es5\es5.csproj", "{8B82AE3F-C113-445C-AE8A-63705198DED0}"
EndProject
Project("{FAE04EC0-301F-11D3-BF4B-00C04F79EFBC}") = "es6", "es6\es6.csproj", "{3EE3D724-C2A9-4482-8E4C-3D8626389D9A}"
EndProject
Project("{FAE04EC0-301F-11D3-BF4B-00C04F79EFBC}") = "es7", "es7\es7.csproj", "{022032E3-B801-479B-9365-BECA9FF4AEC7}"
EndProject
Project("{FAE04EC0-301F-11D3-BF4B-00C04F79EFBC}") = "es8", "es8\es8.csproj", "{6971FA0D-6238-42E8-AE2C-8C432027686A}"
EndProject
Project("{FAE04EC0-301F-11D3-BF4B-00C04F79EFBC}") = "es9", "es9\es9.csproj", "{D780F891-16E9-48CC-AB5A-D2A85E54659A}"
EndProject
Project("{FAE04EC0-301F-11D3-BF4B-00C04F79EFBC}") = "es10", "es10\es10.csproj", "{05A01AD7-C5E2-4423-8B89-FE05D608A04E}"
EndProject
Global
	GlobalSection(SolutionConfigurationPlatforms) = preSolution
		Debug|Any CPU = Debug|Any CPU
		Release|Any CPU = Release|Any CPU
	EndGlobalSection
	GlobalSection(ProjectConfigurationPlatforms) = postSolution
		{CD45FB71-8CEA-44EA-BCC8-58B7CDEE8E7B}.Debug|Any CPU.ActiveCfg = Debug|Any CPU
		{CD45FB71-8CEA-44EA-BCC8-58B7CDEE8E7B}.Debug|Any CPU.Build.0 = Debug|Any CPU
		{CD45FB71-8CEA-44EA-BCC8-58B7CDEE8E7B}.Release|Any CPU.ActiveCfg = Release|Any CPU
		{CD45FB71-8CEA-44EA-BCC8-58B7CDEE8E7B}.Release|Any CPU.Build.0 = Release|Any CPU
		{F4B1A90F-0368-4230-9EA3-47E4C9DE9DE8}.Debug|Any CPU.ActiveCfg = Debug|Any CPU
		{F4B1A90F-0368-4230-9EA3-47E4C9DE9DE8}.Debug|Any CPU.Build.0 = Debug|Any CPU
		{F4B1A90F-0368-4230-9EA3-47E4C9DE9DE8}.Release|Any CPU.ActiveCfg = Release|Any CPU
		{F4B1A90F-0368-4230-9EA3-47E4C9DE9DE8}.Release|Any CPU.Build.0 = Release|Any CPU
		{EE307611-FBEF-4887-888E-FA7FD362255D}.Debug|Any CPU.ActiveCfg = Debug|Any CPU
		{EE307611-FBEF-4887-888E-FA7FD362255D}.Debug|Any CPU.Build.0 = Debug|Any CPU
		{EE307611-FBEF-4887-888E-FA7FD362255D}.Release|Any CPU.ActiveCfg = Release|Any CPU
		{EE307611-FBEF-4887-888E-FA7FD362255D}.Release|Any CPU.Build.0 = Release|Any CPU
		{F880F9DC-9D2F-4D78-954F-E355AA1D1A6A}.Debug|Any CPU.ActiveCfg = Debug|Any CPU
		{F880F9DC-9D2F-4D78-954F-E355AA1D1A6A}.Debug|Any CPU.Build.0 = Debug|Any CPU
		{F880F9DC-9D2F-4D78-954F-E355AA1D1A6A}.Release|Any CPU.ActiveCfg = Release|Any CPU
		{F880F9DC-9D2F-4D78-954F-E355AA1D1A6A}.Release|Any CPU.Build.0 = Release|Any CPU
		{8B82AE3F-C113-445C-AE8A-63705198DED0}.Debug|Any CPU.ActiveCfg = Debug|Any CPU
		{8B82AE3F-C113-445C-AE8A-63705198DED0}.Debug|Any CPU.Build.0 = Debug|Any CPU
		{8B82AE3F-C113-445C-AE8A-63705198DED0}.Release|Any CPU.ActiveCfg = Release|Any CPU
		{8B82AE3F-C113-445C-AE8A-63705198DED0}.Release|Any CPU.Build.0 = Release|Any CPU
		{3EE3D724-C2A9-4482-8E4C-3D8626389D9A}.Debug|Any CPU.ActiveCfg = Debug|Any CPU
		{3EE3D724-C2A9-4482-8E4C-3D8626389D9A}.Debug|Any CPU.Build.0 = Debug|Any CPU
		{3EE3D724-C2A9-4482-8E4C-3D8626389D9A}.Release|Any CPU.ActiveCfg = Release|Any CPU
		{3EE3D724-C2A9-4482-8E4C-3D8626389D9A}.Release|Any CPU.Build.0 = Release|Any CPU
		{022032E3-B801-479B-9365-BECA9FF4AEC7}.Debug|Any CPU.ActiveCfg = Debug|Any CPU
		{022032E3-B801-479B-9365-BECA9FF4AEC7}.Debug|Any CPU.Build.0 = Debug|Any CPU
		{022032E3-B801-479B-9365-BECA9FF4AEC7}.Release|Any CPU.ActiveCfg = Release|Any CPU
		{022032E3-B801-479B-9365-BECA9FF4AEC7}.Release|Any CPU.Build.0 = Release|Any CPU
		{6971FA0D-6238-42E8-AE2C-8C432027686A}.Debug|Any CPU.ActiveCfg = Debug|Any CPU
		{6971FA0D-6238-42E8-AE2C-8C432027686A}.Debug|Any CPU.Build.0 = Debug|Any CPU
		{6971FA0D-6238-42E8-AE2C-8C432027686A}.Release|Any CPU.ActiveCfg = Release|Any CPU
		{6971FA0D-6238-42E8-AE2C-8C432027686A}.Release|Any CPU.Build.0 = Release|Any CPU
		{D780F891-16E9-48CC-AB5A-D2A85E54659A}.Debug|Any CPU.ActiveCfg = Debug|Any CPU
		{D780F891-16E9-48CC-AB5A-D2A85E54659A}.Debug|Any CPU.Build.0 = Debug|Any CPU
		{D780F891-16E9-48CC-AB5A-D2A85E54659A}.Release|Any CPU.ActiveCfg = Release|Any CPU
		{D780F891-16E9-48CC-AB5A-D2A85E54659A}.Release|Any CPU.Build.0 = Release|Any CPU
		{05A01AD7-C5E2-4423-8B89-FE05D608A04E}.Debug|Any CPU.ActiveCfg = Debug|Any CPU
		{05A01AD7-C5E2-4423-8B89-FE05D608A04E}.Debug|Any CPU.Build.0 = Debug|Any CPU
		{05A01AD7-C5E2-4423-8B89-FE05D608A04E}.Release|Any CPU.ActiveCfg = Release|Any CPU
		{05A01AD7-C5E2-4423-8B89-FE05D608A04E}.Release|Any CPU.Build.0 = Release|Any CPU
	EndGlobalSection
	GlobalSection(SolutionProperties) = preSolution
		HideSolutionNode = FALSE
	EndGlobalSection
	GlobalSection(ExtensibilityGlobals) = postSolution
		SolutionGuid = {CA170526-FBDA-4E74-875C-EB5CBDE2EFEB}
	EndGlobalSection
EndGlobal
